
Microsoft Visual Studio Solution File, Format Version 12.00
# Visual Studio Version 17
VisualStudioVersion = 17.7.34221.43
MinimumVisualStudioVersion = 10.0.40219.1
Project("{9A19103F-16F7-4668-BE54-9A1E7A4F7556}") = "NetTechnology_Final", "NetTechnology_Final.csproj", "{2D5C7016-6BDB-45E7-9C97-1E5708798A2C}"
EndProject
Global
	GlobalSection(SolutionConfigurationPlatforms) = preSolution
		Debug|Any CPU = Debug|Any CPU
		Release|Any CPU = Release|Any CPU
	EndGlobalSection
	GlobalSection(ProjectConfigurationPlatforms) = postSolution
		{2D5C7016-6BDB-45E7-9C97-1E5708798A2C}.Debug|Any CPU.ActiveCfg = Debug|Any CPU
		{2D5C7016-6BDB-45E7-9C97-1E5708798A2C}.Debug|Any CPU.Build.0 = Debug|Any CPU
		{2D5C7016-6BDB-45E7-9C97-1E5708798A2C}.Release|Any CPU.ActiveCfg = Release|Any CPU
		{2D5C7016-6BDB-45E7-9C97-1E5708798A2C}.Release|Any CPU.Build.0 = Release|Any CPU
	EndGlobalSection
	GlobalSection(SolutionProperties) = preSolution
		HideSolutionNode = FALSE
	EndGlobalSection
	GlobalSection(ExtensibilityGlobals) = postSolution
		SolutionGuid = {8E56A605-8ABA-428A-BAC9-B676F81C0388}
	EndGlobalSection
EndGlobal
